Microsoft Visual Studio Solution File, Format Version 12.00
# Visual Studio Version 17
VisualStudioVersion = 17.0.31903.59
MinimumVisualStudioVersion = 10.0.40219.1
Project("{D4B3E164-C790-4507-80CF-F3364A2AA240}") = "Project_2c86b6b6c4d245219c02c661a341c82b_20250601200320578638", "Project_2c86b6b6c4d245219c02c661a341c82b_20250601200320578638.csproj", "{D4B3E164-C790-4507-80CF-F3364A2AA240}"
EndProject
Global
    GlobalSection(SolutionConfigurationPlatforms) = preSolution
        Debug|Any CPU = Debug|Any CPU
        Release|Any CPU = Release|Any CPU
    EndGlobalSection
    GlobalSection(ProjectConfigurationPlatforms) = postSolution
        {D4B3E164-C790-4507-80CF-F3364A2AA240}.Debug|Any CPU.ActiveCfg = Debug|Any CPU
        {D4B3E164-C790-4507-80CF-F3364A2AA240}.Debug|Any CPU.Build.0 = Debug|Any CPU
        {D4B3E164-C790-4507-80CF-F3364A2AA240}.Release|Any CPU.ActiveCfg = Release|Any CPU
        {D4B3E164-C790-4507-80CF-F3364A2AA240}.Release|Any CPU.Build.0 = Release|Any CPU
    EndGlobalSection
EndGlobal